
Microsoft Visual Studio Solution File, Format Version 12.00
Project("{2150E333-8FDC-42A3-9474-1A3956D46DE8}") = "src", "src", "{72026FE0-191D-489F-AECD-E403A606F89D}"
EndProject
Project("{2150E333-8FDC-42A3-9474-1A3956D46DE8}") = "Common", "Common", "{C0AE5E05-63E7-419D-AE83-3D669670811E}"
EndProject
Project("{2150E333-8FDC-42A3-9474-1A3956D46DE8}") = "Subscriber", "Subscriber", "{66487A02-2BE3-418B-A6C1-C20861AAE280}"
EndProject
Project("{2150E333-8FDC-42A3-9474-1A3956D46DE8}") = "Presentation", "Presentation", "{14637508-D421-4604-9596-4014B2C15CBB}"
EndProject
Project("{FAE04EC0-301F-11D3-BF4B-00C04F79EFBC}") = "Core", "src\Common\Core\Core.csproj", "{65B5BA12-A3B6-4C3E-89DA-E4C14730146C}"
EndProject
Project("{FAE04EC0-301F-11D3-BF4B-00C04F79EFBC}") = "Data", "src\Common\Data\Data.csproj", "{CF882386-F011-483C-8968-5731B78C2F24}"
EndProject
Project("{FAE04EC0-301F-11D3-BF4B-00C04F79EFBC}") = "MainService", "src\Presentation\MainService\MainService.csproj", "{7162F4EC-0ECC-4110-B04F-31E91DA89BFA}"
EndProject
Project("{2150E333-8FDC-42A3-9474-1A3956D46DE8}") = "pipelines", "pipelines", "{2FFDDDE2-0608-40AB-B1A0-14CC2957AAD1}"
EndProject
Project("{FAE04EC0-301F-11D3-BF4B-00C04F79EFBC}") = "OrderService", "src\Subscriber\OrderService\OrderService.csproj", "{E6FA1538-13BB-4CFA-ACAA-EE99BF51944F}"
EndProject
Project("{FAE04EC0-301F-11D3-BF4B-00C04F79EFBC}") = "BgWorker", "src\Subscriber\BgWorker\BgWorker.csproj", "{80A018FB-2103-4BC3-B2E2-2844C54E08CC}"
EndProject
Project("{2150E333-8FDC-42A3-9474-1A3956D46DE8}") = "General", "General", "{2C79EACC-4031-4262-91CC-65D2B0681E49}"
	ProjectSection(SolutionItems) = preProject
		docker-compose.yml = docker-compose.yml
	EndProjectSection
EndProject
Global
	GlobalSection(SolutionConfigurationPlatforms) = preSolution
		Debug|Any CPU = Debug|Any CPU
		Release|Any CPU = Release|Any CPU
	EndGlobalSection
	GlobalSection(NestedProjects) = preSolution
		{C0AE5E05-63E7-419D-AE83-3D669670811E} = {72026FE0-191D-489F-AECD-E403A606F89D}
		{66487A02-2BE3-418B-A6C1-C20861AAE280} = {72026FE0-191D-489F-AECD-E403A606F89D}
		{14637508-D421-4604-9596-4014B2C15CBB} = {72026FE0-191D-489F-AECD-E403A606F89D}
		{65B5BA12-A3B6-4C3E-89DA-E4C14730146C} = {C0AE5E05-63E7-419D-AE83-3D669670811E}
		{CF882386-F011-483C-8968-5731B78C2F24} = {C0AE5E05-63E7-419D-AE83-3D669670811E}
		{7162F4EC-0ECC-4110-B04F-31E91DA89BFA} = {14637508-D421-4604-9596-4014B2C15CBB}
		{E6FA1538-13BB-4CFA-ACAA-EE99BF51944F} = {66487A02-2BE3-418B-A6C1-C20861AAE280}
		{80A018FB-2103-4BC3-B2E2-2844C54E08CC} = {66487A02-2BE3-418B-A6C1-C20861AAE280}
	EndGlobalSection
	GlobalSection(ProjectConfigurationPlatforms) = postSolution
		{65B5BA12-A3B6-4C3E-89DA-E4C14730146C}.Debug|Any CPU.ActiveCfg = Debug|Any CPU
		{65B5BA12-A3B6-4C3E-89DA-E4C14730146C}.Debug|Any CPU.Build.0 = Debug|Any CPU
		{65B5BA12-A3B6-4C3E-89DA-E4C14730146C}.Release|Any CPU.ActiveCfg = Release|Any CPU
		{65B5BA12-A3B6-4C3E-89DA-E4C14730146C}.Release|Any CPU.Build.0 = Release|Any CPU
		{CF882386-F011-483C-8968-5731B78C2F24}.Debug|Any CPU.ActiveCfg = Debug|Any CPU
		{CF882386-F011-483C-8968-5731B78C2F24}.Debug|Any CPU.Build.0 = Debug|Any CPU
		{CF882386-F011-483C-8968-5731B78C2F24}.Release|Any CPU.ActiveCfg = Release|Any CPU
		{CF882386-F011-483C-8968-5731B78C2F24}.Release|Any CPU.Build.0 = Release|Any CPU
		{7162F4EC-0ECC-4110-B04F-31E91DA89BFA}.Debug|Any CPU.ActiveCfg = Debug|Any CPU
		{7162F4EC-0ECC-4110-B04F-31E91DA89BFA}.Debug|Any CPU.Build.0 = Debug|Any CPU
		{7162F4EC-0ECC-4110-B04F-31E91DA89BFA}.Release|Any CPU.ActiveCfg = Release|Any CPU
		{7162F4EC-0ECC-4110-B04F-31E91DA89BFA}.Release|Any CPU.Build.0 = Release|Any CPU
		{E6FA1538-13BB-4CFA-ACAA-EE99BF51944F}.Debug|Any CPU.ActiveCfg = Debug|Any CPU
		{E6FA1538-13BB-4CFA-ACAA-EE99BF51944F}.Debug|Any CPU.Build.0 = Debug|Any CPU
		{E6FA1538-13BB-4CFA-ACAA-EE99BF51944F}.Release|Any CPU.ActiveCfg = Release|Any CPU
		{E6FA1538-13BB-4CFA-ACAA-EE99BF51944F}.Release|Any CPU.Build.0 = Release|Any CPU
		{80A018FB-2103-4BC3-B2E2-2844C54E08CC}.Debug|Any CPU.ActiveCfg = Debug|Any CPU
		{80A018FB-2103-4BC3-B2E2-2844C54E08CC}.Debug|Any CPU.Build.0 = Debug|Any CPU
		{80A018FB-2103-4BC3-B2E2-2844C54E08CC}.Release|Any CPU.ActiveCfg = Release|Any CPU
		{80A018FB-2103-4BC3-B2E2-2844C54E08CC}.Release|Any CPU.Build.0 = Release|Any CPU
	EndGlobalSection
EndGlobal
